
Microsoft Visual Studio Solution File, Format Version 12.00
# Visual Studio 15
VisualStudioVersion = 15.0.27428.2015
MinimumVisualStudioVersion = 10.0.40219.1
Project("{FAE04EC0-301F-11D3-BF4B-00C04F79EFBC}") = "GraphLoginComponent", "GraphLoginComponent\GraphLoginComponent.csproj", "{29946399-4C32-49F4-8824-87FC69C061F3}"
EndProject
Project("{FAE04EC0-301F-11D3-BF4B-00C04F79EFBC}") = "WinFormsTestApp", "WinFormsTestApp\WinFormsTestApp.csproj", "{80712963-868E-4019-8F32-F965B3CA530B}"
EndProject
Global
	GlobalSection(SolutionConfigurationPlatforms) = preSolution
		Debug|Any CPU = Debug|Any CPU
		Release|Any CPU = Release|Any CPU
	EndGlobalSection
	GlobalSection(ProjectConfigurationPlatforms) = postSolution
		{29946399-4C32-49F4-8824-87FC69C061F3}.Debug|Any CPU.ActiveCfg = Debug|Any CPU
		{29946399-4C32-49F4-8824-87FC69C061F3}.Debug|Any CPU.Build.0 = Debug|Any CPU
		{29946399-4C32-49F4-8824-87FC69C061F3}.Release|Any CPU.ActiveCfg = Release|Any CPU
		{29946399-4C32-49F4-8824-87FC69C061F3}.Release|Any CPU.Build.0 = Release|Any CPU
		{80712963-868E-4019-8F32-F965B3CA530B}.Debug|Any CPU.ActiveCfg = Debug|Any CPU
		{80712963-868E-4019-8F32-F965B3CA530B}.Debug|Any CPU.Build.0 = Debug|Any CPU
		{80712963-868E-4019-8F32-F965B3CA530B}.Release|Any CPU.ActiveCfg = Release|Any CPU
		{80712963-868E-4019-8F32-F965B3CA530B}.Release|Any CPU.Build.0 = Release|Any CPU
	EndGlobalSection
	GlobalSection(SolutionProperties) = preSolution
		HideSolutionNode = FALSE
	EndGlobalSection
	GlobalSection(ExtensibilityGlobals) = postSolution
		SolutionGuid = {F616D767-4398-4644-99C1-B9F7B8BC9D53}
	EndGlobalSection
EndGlobal
